
Microsoft Visual Studio Solution File, Format Version 12.00
# Visual Studio 15
VisualStudioVersion = 15.0.26124.0
MinimumVisualStudioVersion = 15.0.26124.0
Project("{FAE04EC0-301F-11D3-BF4B-00C04F79EFBC}") = "Arbetsprov", "src\Arbetsprov\Arbetsprov.csproj", "{531CCD3D-C5FF-40F2-B5A9-531166A007C3}"
EndProject
Project("{FAE04EC0-301F-11D3-BF4B-00C04F79EFBC}") = "Arbetsprov.Tests", "tests\Arbetsprov.Tests\Arbetsprov.Tests.csproj", "{94687A40-60D6-4B7E-9C9E-A8FAE487F95A}"
EndProject
Global
	GlobalSection(SolutionConfigurationPlatforms) = preSolution
		Debug|Any CPU = Debug|Any CPU
		Debug|x64 = Debug|x64
		Debug|x86 = Debug|x86
		Release|Any CPU = Release|Any CPU
		Release|x64 = Release|x64
		Release|x86 = Release|x86
	EndGlobalSection
	GlobalSection(SolutionProperties) = preSolution
		HideSolutionNode = FALSE
	EndGlobalSection
	GlobalSection(ProjectConfigurationPlatforms) = postSolution
		{531CCD3D-C5FF-40F2-B5A9-531166A007C3}.Debug|Any CPU.ActiveCfg = Debug|Any CPU
		{531CCD3D-C5FF-40F2-B5A9-531166A007C3}.Debug|Any CPU.Build.0 = Debug|Any CPU
		{531CCD3D-C5FF-40F2-B5A9-531166A007C3}.Debug|x64.ActiveCfg = Debug|Any CPU
		{531CCD3D-C5FF-40F2-B5A9-531166A007C3}.Debug|x64.Build.0 = Debug|Any CPU
		{531CCD3D-C5FF-40F2-B5A9-531166A007C3}.Debug|x86.ActiveCfg = Debug|Any CPU
		{531CCD3D-C5FF-40F2-B5A9-531166A007C3}.Debug|x86.Build.0 = Debug|Any CPU
		{531CCD3D-C5FF-40F2-B5A9-531166A007C3}.Release|Any CPU.ActiveCfg = Release|Any CPU
		{531CCD3D-C5FF-40F2-B5A9-531166A007C3}.Release|Any CPU.Build.0 = Release|Any CPU
		{531CCD3D-C5FF-40F2-B5A9-531166A007C3}.Release|x64.ActiveCfg = Release|Any CPU
		{531CCD3D-C5FF-40F2-B5A9-531166A007C3}.Release|x64.Build.0 = Release|Any CPU
		{531CCD3D-C5FF-40F2-B5A9-531166A007C3}.Release|x86.ActiveCfg = Release|Any CPU
		{531CCD3D-C5FF-40F2-B5A9-531166A007C3}.Release|x86.Build.0 = Release|Any CPU
		{94687A40-60D6-4B7E-9C9E-A8FAE487F95A}.Debug|Any CPU.ActiveCfg = Debug|Any CPU
		{94687A40-60D6-4B7E-9C9E-A8FAE487F95A}.Debug|Any CPU.Build.0 = Debug|Any CPU
		{94687A40-60D6-4B7E-9C9E-A8FAE487F95A}.Debug|x64.ActiveCfg = Debug|Any CPU
		{94687A40-60D6-4B7E-9C9E-A8FAE487F95A}.Debug|x64.Build.0 = Debug|Any CPU
		{94687A40-60D6-4B7E-9C9E-A8FAE487F95A}.Debug|x86.ActiveCfg = Debug|Any CPU
		{94687A40-60D6-4B7E-9C9E-A8FAE487F95A}.Debug|x86.Build.0 = Debug|Any CPU
		{94687A40-60D6-4B7E-9C9E-A8FAE487F95A}.Release|Any CPU.ActiveCfg = Release|Any CPU
		{94687A40-60D6-4B7E-9C9E-A8FAE487F95A}.Release|Any CPU.Build.0 = Release|Any CPU
		{94687A40-60D6-4B7E-9C9E-A8FAE487F95A}.Release|x64.ActiveCfg = Release|Any CPU
		{94687A40-60D6-4B7E-9C9E-A8FAE487F95A}.Release|x64.Build.0 = Release|Any CPU
		{94687A40-60D6-4B7E-9C9E-A8FAE487F95A}.Release|x86.ActiveCfg = Release|Any CPU
		{94687A40-60D6-4B7E-9C9E-A8FAE487F95A}.Release|x86.Build.0 = Release|Any CPU
	EndGlobalSection
	GlobalSection(NestedProjects) = preSolution
		{531CCD3D-C5FF-40F2-B5A9-531166A007C3} = {0E55361D-10B0-47FA-AD96-A6572AED2C13}
		{94687A40-60D6-4B7E-9C9E-A8FAE487F95A} = {DBCC45E9-C5B2-40AC-993A-1B0169C97551}
	EndGlobalSection
EndGlobal
